
Microsoft Visual Studio Solution File, Format Version 12.00
# Visual Studio Version 16
VisualStudioVersion = 16.0.29806.167
MinimumVisualStudioVersion = 10.0.40219.1
Project("{9A19103F-16F7-4668-BE54-9A1E7A4F7556}") = "worksheetThreeSolutions", "worksheetThreeSolutions\worksheetThreeSolutions.csproj", "{05320D75-0AFA-4942-AAE6-AA43DF92D7DB}"
EndProject
Project("{9A19103F-16F7-4668-BE54-9A1E7A4F7556}") = "QuestionOne", "QuestionOne\QuestionOne.csproj", "{314B12CE-75F4-409B-B4F9-9810D3C0F6D8}"
EndProject
Project("{9A19103F-16F7-4668-BE54-9A1E7A4F7556}") = "QuestionTwo", "QuestionTwo\QuestionTwo.csproj", "{94BBC05D-A8AD-4802-91D6-48CA24994319}"
EndProject
Project("{9A19103F-16F7-4668-BE54-9A1E7A4F7556}") = "QuestionThree", "QuestionThree\QuestionThree.csproj", "{65C03CFE-02E1-433C-9364-ED5651D4BC52}"
EndProject
Project("{9A19103F-16F7-4668-BE54-9A1E7A4F7556}") = "QuestionFour", "QuestionFour\QuestionFour.csproj", "{152DE745-D2B4-469C-B1D8-0878D1771080}"
EndProject
Project("{9A19103F-16F7-4668-BE54-9A1E7A4F7556}") = "QuestionFive", "QuestionFive\QuestionFive.csproj", "{DD5D141A-8B75-4E73-AF86-B54A0FDB021B}"
EndProject
Project("{9A19103F-16F7-4668-BE54-9A1E7A4F7556}") = "QuestionSix", "QuestionSix\QuestionSix.csproj", "{5A115391-C208-4904-AE55-4DF7D268AC31}"
EndProject
Project("{9A19103F-16F7-4668-BE54-9A1E7A4F7556}") = "QuestionSeven", "QuestionSeven\QuestionSeven.csproj", "{0B8B7387-4D9A-49A6-A898-550846B14D5B}"
EndProject
Project("{9A19103F-16F7-4668-BE54-9A1E7A4F7556}") = "QuestionEight", "QuestionEight\QuestionEight.csproj", "{528CF480-C93F-40E9-A991-70C6C91C4222}"
EndProject
Project("{9A19103F-16F7-4668-BE54-9A1E7A4F7556}") = "QuestionNine", "QuestionNine\QuestionNine.csproj", "{E158FEB5-4130-4927-9AAA-73D0E31F40A6}"
EndProject
Project("{9A19103F-16F7-4668-BE54-9A1E7A4F7556}") = "QuestionTen", "QuestionTen\QuestionTen.csproj", "{483DCCD6-C81C-42D8-96EF-6ED96D73355D}"
EndProject
Global
	GlobalSection(SolutionConfigurationPlatforms) = preSolution
		Debug|Any CPU = Debug|Any CPU
		Release|Any CPU = Release|Any CPU
	EndGlobalSection
	GlobalSection(ProjectConfigurationPlatforms) = postSolution
		{05320D75-0AFA-4942-AAE6-AA43DF92D7DB}.Debug|Any CPU.ActiveCfg = Debug|Any CPU
		{05320D75-0AFA-4942-AAE6-AA43DF92D7DB}.Debug|Any CPU.Build.0 = Debug|Any CPU
		{05320D75-0AFA-4942-AAE6-AA43DF92D7DB}.Release|Any CPU.ActiveCfg = Release|Any CPU
		{05320D75-0AFA-4942-AAE6-AA43DF92D7DB}.Release|Any CPU.Build.0 = Release|Any CPU
		{314B12CE-75F4-409B-B4F9-9810D3C0F6D8}.Debug|Any CPU.ActiveCfg = Debug|Any CPU
		{314B12CE-75F4-409B-B4F9-9810D3C0F6D8}.Debug|Any CPU.Build.0 = Debug|Any CPU
		{314B12CE-75F4-409B-B4F9-9810D3C0F6D8}.Release|Any CPU.ActiveCfg = Release|Any CPU
		{314B12CE-75F4-409B-B4F9-9810D3C0F6D8}.Release|Any CPU.Build.0 = Release|Any CPU
		{94BBC05D-A8AD-4802-91D6-48CA24994319}.Debug|Any CPU.ActiveCfg = Debug|Any CPU
		{94BBC05D-A8AD-4802-91D6-48CA24994319}.Debug|Any CPU.Build.0 = Debug|Any CPU
		{94BBC05D-A8AD-4802-91D6-48CA24994319}.Release|Any CPU.ActiveCfg = Release|Any CPU
		{94BBC05D-A8AD-4802-91D6-48CA24994319}.Release|Any CPU.Build.0 = Release|Any CPU
		{65C03CFE-02E1-433C-9364-ED5651D4BC52}.Debug|Any CPU.ActiveCfg = Debug|Any CPU
		{65C03CFE-02E1-433C-9364-ED5651D4BC52}.Debug|Any CPU.Build.0 = Debug|Any CPU
		{65C03CFE-02E1-433C-9364-ED5651D4BC52}.Release|Any CPU.ActiveCfg = Release|Any CPU
		{65C03CFE-02E1-433C-9364-ED5651D4BC52}.Release|Any CPU.Build.0 = Release|Any CPU
		{152DE745-D2B4-469C-B1D8-0878D1771080}.Debug|Any CPU.ActiveCfg = Debug|Any CPU
		{152DE745-D2B4-469C-B1D8-0878D1771080}.Debug|Any CPU.Build.0 = Debug|Any CPU
		{152DE745-D2B4-469C-B1D8-0878D1771080}.Release|Any CPU.ActiveCfg = Release|Any CPU
		{152DE745-D2B4-469C-B1D8-0878D1771080}.Release|Any CPU.Build.0 = Release|Any CPU
		{DD5D141A-8B75-4E73-AF86-B54A0FDB021B}.Debug|Any CPU.ActiveCfg = Debug|Any CPU
		{DD5D141A-8B75-4E73-AF86-B54A0FDB021B}.Debug|Any CPU.Build.0 = Debug|Any CPU
		{DD5D141A-8B75-4E73-AF86-B54A0FDB021B}.Release|Any CPU.ActiveCfg = Release|Any CPU
		{DD5D141A-8B75-4E73-AF86-B54A0FDB021B}.Release|Any CPU.Build.0 = Release|Any CPU
		{5A115391-C208-4904-AE55-4DF7D268AC31}.Debug|Any CPU.ActiveCfg = Debug|Any CPU
		{5A115391-C208-4904-AE55-4DF7D268AC31}.Debug|Any CPU.Build.0 = Debug|Any CPU
		{5A115391-C208-4904-AE55-4DF7D268AC31}.Release|Any CPU.ActiveCfg = Release|Any CPU
		{5A115391-C208-4904-AE55-4DF7D268AC31}.Release|Any CPU.Build.0 = Release|Any CPU
		{0B8B7387-4D9A-49A6-A898-550846B14D5B}.Debug|Any CPU.ActiveCfg = Debug|Any CPU
		{0B8B7387-4D9A-49A6-A898-550846B14D5B}.Debug|Any CPU.Build.0 = Debug|Any CPU
		{0B8B7387-4D9A-49A6-A898-550846B14D5B}.Release|Any CPU.ActiveCfg = Release|Any CPU
		{0B8B7387-4D9A-49A6-A898-550846B14D5B}.Release|Any CPU.Build.0 = Release|Any CPU
		{528CF480-C93F-40E9-A991-70C6C91C4222}.Debug|Any CPU.ActiveCfg = Debug|Any CPU
		{528CF480-C93F-40E9-A991-70C6C91C4222}.Debug|Any CPU.Build.0 = Debug|Any CPU
		{528CF480-C93F-40E9-A991-70C6C91C4222}.Release|Any CPU.ActiveCfg = Release|Any CPU
		{528CF480-C93F-40E9-A991-70C6C91C4222}.Release|Any CPU.Build.0 = Release|Any CPU
		{E158FEB5-4130-4927-9AAA-73D0E31F40A6}.Debug|Any CPU.ActiveCfg = Debug|Any CPU
		{E158FEB5-4130-4927-9AAA-73D0E31F40A6}.Debug|Any CPU.Build.0 = Debug|Any CPU
		{E158FEB5-4130-4927-9AAA-73D0E31F40A6}.Release|Any CPU.ActiveCfg = Release|Any CPU
		{E158FEB5-4130-4927-9AAA-73D0E31F40A6}.Release|Any CPU.Build.0 = Release|Any CPU
		{483DCCD6-C81C-42D8-96EF-6ED96D73355D}.Debug|Any CPU.ActiveCfg = Debug|Any CPU
		{483DCCD6-C81C-42D8-96EF-6ED96D73355D}.Debug|Any CPU.Build.0 = Debug|Any CPU
		{483DCCD6-C81C-42D8-96EF-6ED96D73355D}.Release|Any CPU.ActiveCfg = Release|Any CPU
		{483DCCD6-C81C-42D8-96EF-6ED96D73355D}.Release|Any CPU.Build.0 = Release|Any CPU
	EndGlobalSection
	GlobalSection(SolutionProperties) = preSolution
		HideSolutionNode = FALSE
	EndGlobalSection
	GlobalSection(ExtensibilityGlobals) = postSolution
		SolutionGuid = {324D762D-0241-4C54-9B40-80732255933B}
	EndGlobalSection
EndGlobal
